
Microsoft Visual Studio Solution File, Format Version 12.00
# Visual Studio Version 16
VisualStudioVersion = 16.0.33214.272
MinimumVisualStudioVersion = 10.0.40219.1
Project("{FAE04EC0-301F-11D3-BF4B-00C04F79EFBC}") = "Hello_World", "Hello_World.csproj", "{1085A9E3-7B05-4684-A7C1-A40F7BF3BCF0}"
EndProject
Global
	GlobalSection(SolutionConfigurationPlatforms) = preSolution
		Debug|Any CPU = Debug|Any CPU
		Release|Any CPU = Release|Any CPU
	EndGlobalSection
	GlobalSection(ProjectConfigurationPlatforms) = postSolution
		{1085A9E3-7B05-4684-A7C1-A40F7BF3BCF0}.Debug|Any CPU.ActiveCfg = Debug|Any CPU
		{1085A9E3-7B05-4684-A7C1-A40F7BF3BCF0}.Debug|Any CPU.Build.0 = Debug|Any CPU
		{1085A9E3-7B05-4684-A7C1-A40F7BF3BCF0}.Release|Any CPU.ActiveCfg = Release|Any CPU
		{1085A9E3-7B05-4684-A7C1-A40F7BF3BCF0}.Release|Any CPU.Build.0 = Release|Any CPU
	EndGlobalSection
	GlobalSection(SolutionProperties) = preSolution
		HideSolutionNode = FALSE
	EndGlobalSection
	GlobalSection(ExtensibilityGlobals) = postSolution
		SolutionGuid = {FEA0B000-F9D0-44A8-825B-5F51B61E594C}
	EndGlobalSection
EndGlobal
